// !$*UTF8*$!
{
	archiveVersion = 1;
	classes = {
	};
	objectVersion = 46;
	objects = {

/* Begin PBXBuildFile section */
		3D0A4483C5C5E6A7E0747D23 /* Pods_TwitterClient.framework in Frameworks */ = {isa = PBXBuildFile; fileRef = C9CB1C6C8CF2ABFA8089977E /* Pods_TwitterClient.framework */; };
		DA6801141F7CCA5700B89A6C /* Assets.xcassets in Resources */ = {isa = PBXBuildFile; fileRef = DA6801131F7CCA5700B89A6C /* Assets.xcassets */; };
		DABD8A071F8B63A000E0F0A7 /* Twitter.plist in Resources */ = {isa = PBXBuildFile; fileRef = DABD8A061F8B63A000E0F0A7 /* Twitter.plist */; };
		DABD8A331F8B785200E0F0A7 /* AppDelegate.swift in Sources */ = {isa = PBXBuildFile; fileRef = DABD8A281F8B785200E0F0A7 /* AppDelegate.swift */; };
		DABD8A341F8B785200E0F0A7 /* Coordinator.swift in Sources */ = {isa = PBXBuildFile; fileRef = DABD8A291F8B785200E0F0A7 /* Coordinator.swift */; };
		DABD8A351F8B785200E0F0A7 /* DateExtensions.swift in Sources */ = {isa = PBXBuildFile; fileRef = DABD8A2B1F8B785200E0F0A7 /* DateExtensions.swift */; };
		DABD8A361F8B785200E0F0A7 /* HomeTimelineViewController.swift in Sources */ = {isa = PBXBuildFile; fileRef = DABD8A2D1F8B785200E0F0A7 /* HomeTimelineViewController.swift */; };
		DABD8A371F8B785200E0F0A7 /* LoginViewController.swift in Sources */ = {isa = PBXBuildFile; fileRef = DABD8A2E1F8B785200E0F0A7 /* LoginViewController.swift */; };
		DABD8A381F8B785200E0F0A7 /* UserDetailViewController.swift in Sources */ = {isa = PBXBuildFile; fileRef = DABD8A2F1F8B785200E0F0A7 /* UserDetailViewController.swift */; };
		DABD8A391F8B785200E0F0A7 /* TweetCell.swift in Sources */ = {isa = PBXBuildFile; fileRef = DABD8A311F8B785200E0F0A7 /* TweetCell.swift */; };
		DABD8A3A1F8B785200E0F0A7 /* UserDetailView.swift in Sources */ = {isa = PBXBuildFile; fileRef = DABD8A321F8B785200E0F0A7 /* UserDetailView.swift */; };
		DABD8A431F8B786C00E0F0A7 /* HomeTimeline.storyboard in Resources */ = {isa = PBXBuildFile; fileRef = DABD8A3C1F8B786C00E0F0A7 /* HomeTimeline.storyboard */; };
		DABD8A441F8B786C00E0F0A7 /* LaunchScreen.storyboard in Resources */ = {isa = PBXBuildFile; fileRef = DABD8A3D1F8B786C00E0F0A7 /* LaunchScreen.storyboard */; };
		DABD8A451F8B786C00E0F0A7 /* Login.storyboard in Resources */ = {isa = PBXBuildFile; fileRef = DABD8A3E1F8B786C00E0F0A7 /* Login.storyboard */; };
		DABD8A461F8B786C00E0F0A7 /* UserDetail.storyboard in Resources */ = {isa = PBXBuildFile; fileRef = DABD8A3F1F8B786C00E0F0A7 /* UserDetail.storyboard */; };
		DABD8A471F8B786C00E0F0A7 /* TweetCell.xib in Resources */ = {isa = PBXBuildFile; fileRef = DABD8A411F8B786C00E0F0A7 /* TweetCell.xib */; };
		DABD8A481F8B786C00E0F0A7 /* UserDetailView.xib in Resources */ = {isa = PBXBuildFile; fileRef = DABD8A421F8B786C00E0F0A7 /* UserDetailView.xib */; };
		DABD8A4B1F8B7A1600E0F0A7 /* TwitterRequest.swift in Sources */ = {isa = PBXBuildFile; fileRef = DABD8A4A1F8B7A1600E0F0A7 /* TwitterRequest.swift */; };
		DABD8A521F8BC88200E0F0A7 /* HomeTimelineRequest.swift in Sources */ = {isa = PBXBuildFile; fileRef = DABD8A501F8BC88200E0F0A7 /* HomeTimelineRequest.swift */; };
		DABD8A531F8BC88200E0F0A7 /* UserTimelineRequest.swift in Sources */ = {isa = PBXBuildFile; fileRef = DABD8A511F8BC88200E0F0A7 /* UserTimelineRequest.swift */; };
		DABD8A551F8BCB1600E0F0A7 /* TopTabBar.storyboard in Resources */ = {isa = PBXBuildFile; fileRef = DABD8A541F8BCB1500E0F0A7 /* TopTabBar.storyboard */; };
		DABD8A571F8BCD6B00E0F0A7 /* TopTabBarController.swift in Sources */ = {isa = PBXBuildFile; fileRef = DABD8A561F8BCD6B00E0F0A7 /* TopTabBarController.swift */; };
		DABD8A5B1F8BE14F00E0F0A7 /* UserRequest.swift in Sources */ = {isa = PBXBuildFile; fileRef = DABD8A5A1F8BE14F00E0F0A7 /* UserRequest.swift */; };
/* End PBXBuildFile section */

/* Begin PBXFileReference section */
		181A594ABBD8EC3B5AD97A8E /* Pods-TwitterClient.debug.xcconfig */ = {isa = PBXFileReference; includeInIndex = 1; lastKnownFileType = text.xcconfig; name = "Pods-TwitterClient.debug.xcconfig"; path = "Pods/Target Support Files/Pods-TwitterClient/Pods-TwitterClient.debug.xcconfig"; sourceTree = "<group>"; };
		50D279EEE0ECB6A5AB784A53 /* Pods-TwitterClient.release.xcconfig */ = {isa = PBXFileReference; includeInIndex = 1; lastKnownFileType = text.xcconfig; name = "Pods-TwitterClient.release.xcconfig"; path = "Pods/Target Support Files/Pods-TwitterClient/Pods-TwitterClient.release.xcconfig"; sourceTree = "<group>"; };
		C9CB1C6C8CF2ABFA8089977E /* Pods_TwitterClient.framework */ = {isa = PBXFileReference; explicitFileType = wrapper.framework; includeInIndex = 0; path = Pods_TwitterClient.framework; sourceTree = BUILT_PRODUCTS_DIR; };
		DA6801091F7CCA5700B89A6C /* TwitterClient.app */ = {isa = PBXFileReference; explicitFileType = wrapper.application; includeInIndex = 0; path = TwitterClient.app; sourceTree = BUILT_PRODUCTS_DIR; };
		DA6801131F7CCA5700B89A6C /* Assets.xcassets */ = {isa = PBXFileReference; lastKnownFileType = folder.assetcatalog; path = Assets.xcassets; sourceTree = "<group>"; };
		DA6801181F7CCA5700B89A6C /* Info.plist */ = {isa = PBXFileReference; lastKnownFileType = text.plist.xml; path = Info.plist; sourceTree = "<group>"; };
		DABD8A061F8B63A000E0F0A7 /* Twitter.plist */ = {isa = PBXFileReference; fileEncoding = 4; lastKnownFileType = text.plist.xml; path = Twitter.plist; sourceTree = "<group>"; };
		DABD8A281F8B785200E0F0A7 /* AppDelegate.swift */ = {isa = PBXFileReference; fileEncoding = 4; lastKnownFileType = sourcecode.swift; name = AppDelegate.swift; path = Classes/AppDelegate.swift; sourceTree = "<group>"; };
		DABD8A291F8B785200E0F0A7 /* Coordinator.swift */ = {isa = PBXFileReference; fileEncoding = 4; lastKnownFileType = sourcecode.swift; name = Coordinator.swift; path = Classes/Coordinator.swift; sourceTree = "<group>"; };
		DABD8A2B1F8B785200E0F0A7 /* DateExtensions.swift */ = {isa = PBXFileReference; fileEncoding = 4; lastKnownFileType = sourcecode.swift; path = DateExtensions.swift; sourceTree = "<group>"; };
		DABD8A2D1F8B785200E0F0A7 /* HomeTimelineViewController.swift */ = {isa = PBXFileReference; fileEncoding = 4; lastKnownFileType = sourcecode.swift; path = HomeTimelineViewController.swift; sourceTree = "<group>"; };
		DABD8A2E1F8B785200E0F0A7 /* LoginViewController.swift */ = {isa = PBXFileReference; fileEncoding = 4; lastKnownFileType = sourcecode.swift; path = LoginViewController.swift; sourceTree = "<group>"; };
		DABD8A2F1F8B785200E0F0A7 /* UserDetailViewController.swift */ = {isa = PBXFileReference; fileEncoding = 4; lastKnownFileType = sourcecode.swift; path = UserDetailViewController.swift; sourceTree = "<group>"; };
		DABD8A311F8B785200E0F0A7 /* TweetCell.swift */ = {isa = PBXFileReference; fileEncoding = 4; lastKnownFileType = sourcecode.swift; path = TweetCell.swift; sourceTree = "<group>"; };
		DABD8A321F8B785200E0F0A7 /* UserDetailView.swift */ = {isa = PBXFileReference; fileEncoding = 4; lastKnownFileType = sourcecode.swift; path = UserDetailView.swift; sourceTree = "<group>"; };
		DABD8A3C1F8B786C00E0F0A7 /* HomeTimeline.storyboard */ = {isa = PBXFileReference; fileEncoding = 4; lastKnownFileType = file.storyboard; path = HomeTimeline.storyboard; sourceTree = "<group>"; };
		DABD8A3D1F8B786C00E0F0A7 /* LaunchScreen.storyboard */ = {isa = PBXFileReference; fileEncoding = 4; lastKnownFileType = file.storyboard; path = LaunchScreen.storyboard; sourceTree = "<group>"; };
		DABD8A3E1F8B786C00E0F0A7 /* Login.storyboard */ = {isa = PBXFileReference; fileEncoding = 4; lastKnownFileType = file.storyboard; path = Login.storyboard; sourceTree = "<group>"; };
		DABD8A3F1F8B786C00E0F0A7 /* UserDetail.storyboard */ = {isa = PBXFileReference; fileEncoding = 4; lastKnownFileType = file.storyboard; path = UserDetail.storyboard; sourceTree = "<group>"; };
		DABD8A411F8B786C00E0F0A7 /* TweetCell.xib */ = {isa = PBXFileReference; fileEncoding = 4; lastKnownFileType = file.xib; path = TweetCell.xib; sourceTree = "<group>"; };
		DABD8A421F8B786C00E0F0A7 /* UserDetailView.xib */ = {isa = PBXFileReference; fileEncoding = 4; lastKnownFileType = file.xib; path = UserDetailView.xib; sourceTree = "<group>"; };
		DABD8A4A1F8B7A1600E0F0A7 /* TwitterRequest.swift */ = {isa = PBXFileReference; fileEncoding = 4; lastKnownFileType = sourcecode.swift; name = TwitterRequest.swift; path = Classes/API/TwitterRequest.swift; sourceTree = "<group>"; };
		DABD8A501F8BC88200E0F0A7 /* HomeTimelineRequest.swift */ = {isa = PBXFileReference; fileEncoding = 4; lastKnownFileType = sourcecode.swift; name = HomeTimelineRequest.swift; path = Classes/API/HomeTimelineRequest.swift; sourceTree = "<group>"; };
		DABD8A511F8BC88200E0F0A7 /* UserTimelineRequest.swift */ = {isa = PBXFileReference; fileEncoding = 4; lastKnownFileType = sourcecode.swift; name = UserTimelineRequest.swift; path = Classes/API/UserTimelineRequest.swift; sourceTree = "<group>"; };
		DABD8A541F8BCB1500E0F0A7 /* TopTabBar.storyboard */ = {isa = PBXFileReference; fileEncoding = 4; lastKnownFileType = file.storyboard; path = TopTabBar.storyboard; sourceTree = "<group>"; };
		DABD8A561F8BCD6B00E0F0A7 /* TopTabBarController.swift */ = {isa = PBXFileReference; fileEncoding = 4; lastKnownFileType = sourcecode.swift; path = TopTabBarController.swift; sourceTree = "<group>"; };
		DABD8A5A1F8BE14F00E0F0A7 /* UserRequest.swift */ = {isa = PBXFileReference; fileEncoding = 4; lastKnownFileType = sourcecode.swift; name = UserRequest.swift; path = Classes/API/UserRequest.swift; sourceTree = "<group>"; };
/* End PBXFileReference section */

/* Begin PBXFrameworksBuildPhase section */
		DA6801061F7CCA5700B89A6C /* Frameworks */ = {
			isa = PBXFrameworksBuildPhase;
			buildActionMask = 2147483647;
			files = (
				3D0A4483C5C5E6A7E0747D23 /* Pods_TwitterClient.framework in Frameworks */,
			);
			runOnlyForDeploymentPostprocessing = 0;
		};
/* End PBXFrameworksBuildPhase section */

/* Begin PBXGroup section */
		517C87E52CEE6C424186686D /* Frameworks */ = {
			isa = PBXGroup;
			children = (
				C9CB1C6C8CF2ABFA8089977E /* Pods_TwitterClient.framework */,
			);
			name = Frameworks;
			sourceTree = "<group>";
		};
		592F6FF02144523FBD8117AD /* Pods */ = {
			isa = PBXGroup;
			children = (
				181A594ABBD8EC3B5AD97A8E /* Pods-TwitterClient.debug.xcconfig */,
				50D279EEE0ECB6A5AB784A53 /* Pods-TwitterClient.release.xcconfig */,
			);
			name = Pods;
			sourceTree = "<group>";
		};
		DA3D0BF01F80E279008DAA4F /* Classes */ = {
			isa = PBXGroup;
			children = (
				DABD8A281F8B785200E0F0A7 /* AppDelegate.swift */,
				DABD8A291F8B785200E0F0A7 /* Coordinator.swift */,
				DABD8A491F8B79EC00E0F0A7 /* API */,
				DABD8A2A1F8B785200E0F0A7 /* Extensions */,
				DABD8A2C1F8B785200E0F0A7 /* ViewControllers */,
				DABD8A301F8B785200E0F0A7 /* Views */,
			);
			name = Classes;
			sourceTree = "<group>";
		};
		DA3D0BF11F80E29D008DAA4F /* Resources */ = {
			isa = PBXGroup;
			children = (
				DABD8A3B1F8B786C00E0F0A7 /* StoryBoards */,
				DABD8A401F8B786C00E0F0A7 /* Views */,
			);
			name = Resources;
			sourceTree = "<group>";
		};
		DA6801001F7CCA5700B89A6C = {
			isa = PBXGroup;
			children = (
				DA68010B1F7CCA5700B89A6C /* TwitterClient */,
				DA68010A1F7CCA5700B89A6C /* Products */,
				592F6FF02144523FBD8117AD /* Pods */,
				517C87E52CEE6C424186686D /* Frameworks */,
			);
			sourceTree = "<group>";
		};
		DA68010A1F7CCA5700B89A6C /* Products */ = {
			isa = PBXGroup;
			children = (
				DA6801091F7CCA5700B89A6C /* TwitterClient.app */,
			);
			name = Products;
			sourceTree = "<group>";
		};
		DA68010B1F7CCA5700B89A6C /* TwitterClient */ = {
			isa = PBXGroup;
			children = (
				DA3D0BF01F80E279008DAA4F /* Classes */,
				DA3D0BF11F80E29D008DAA4F /* Resources */,
				DA6801131F7CCA5700B89A6C /* Assets.xcassets */,
				DA6801181F7CCA5700B89A6C /* Info.plist */,
				DABD8A061F8B63A000E0F0A7 /* Twitter.plist */,
			);
			path = TwitterClient;
			sourceTree = "<group>";
		};
		DABD8A2A1F8B785200E0F0A7 /* Extensions */ = {
			isa = PBXGroup;
			children = (
				DABD8A2B1F8B785200E0F0A7 /* DateExtensions.swift */,
			);
			name = Extensions;
			path = Classes/Extensions;
			sourceTree = "<group>";
		};
		DABD8A2C1F8B785200E0F0A7 /* ViewControllers */ = {
			isa = PBXGroup;
			children = (
				DABD8A2D1F8B785200E0F0A7 /* HomeTimelineViewController.swift */,
				DABD8A2E1F8B785200E0F0A7 /* LoginViewController.swift */,
				DABD8A2F1F8B785200E0F0A7 /* UserDetailViewController.swift */,
				DABD8A561F8BCD6B00E0F0A7 /* TopTabBarController.swift */,
			);
			name = ViewControllers;
			path = Classes/ViewControllers;
			sourceTree = "<group>";
		};
		DABD8A301F8B785200E0F0A7 /* Views */ = {
			isa = PBXGroup;
			children = (
				DABD8A311F8B785200E0F0A7 /* TweetCell.swift */,
				DABD8A321F8B785200E0F0A7 /* UserDetailView.swift */,
			);
			name = Views;
			path = Classes/Views;
			sourceTree = "<group>";
		};
		DABD8A3B1F8B786C00E0F0A7 /* StoryBoards */ = {
			isa = PBXGroup;
			children = (
				DABD8A3C1F8B786C00E0F0A7 /* HomeTimeline.storyboard */,
				DABD8A3D1F8B786C00E0F0A7 /* LaunchScreen.storyboard */,
				DABD8A3E1F8B786C00E0F0A7 /* Login.storyboard */,
				DABD8A3F1F8B786C00E0F0A7 /* UserDetail.storyboard */,
				DABD8A541F8BCB1500E0F0A7 /* TopTabBar.storyboard */,
			);
			name = StoryBoards;
			path = Resources/StoryBoards;
			sourceTree = "<group>";
		};
		DABD8A401F8B786C00E0F0A7 /* Views */ = {
			isa = PBXGroup;
			children = (
				DABD8A411F8B786C00E0F0A7 /* TweetCell.xib */,
				DABD8A421F8B786C00E0F0A7 /* UserDetailView.xib */,
			);
			name = Views;
			path = Resources/Views;
			sourceTree = "<group>";
		};
		DABD8A491F8B79EC00E0F0A7 /* API */ = {
			isa = PBXGroup;
			children = (
				DABD8A4A1F8B7A1600E0F0A7 /* TwitterRequest.swift */,
				DABD8A501F8BC88200E0F0A7 /* HomeTimelineRequest.swift */,
				DABD8A5A1F8BE14F00E0F0A7 /* UserRequest.swift */,
				DABD8A511F8BC88200E0F0A7 /* UserTimelineRequest.swift */,
			);
			name = API;
			sourceTree = "<group>";
		};
/* End PBXGroup section */

/* Begin PBXNativeTarget section */
		DA6801081F7CCA5700B89A6C /* TwitterClient */ = {
			isa = PBXNativeTarget;
			buildConfigurationList = DA68011B1F7CCA5700B89A6C /* Build configuration list for PBXNativeTarget "TwitterClient" */;
			buildPhases = (
				30C59193BC3C7AD7A0A2F26C /* [CP] Check Pods Manifest.lock */,
				DA6801051F7CCA5700B89A6C /* Sources */,
				DA6801061F7CCA5700B89A6C /* Frameworks */,
				DA6801071F7CCA5700B89A6C /* Resources */,
				26FD2AC4DAB15DC2589DF541 /* [CP] Embed Pods Frameworks */,
				8D574789D7EEA2CC42D0690A /* [CP] Copy Pods Resources */,
			);
			buildRules = (
			);
			dependencies = (
			);
			name = TwitterClient;
			productName = TwitterClient;
			productReference = DA6801091F7CCA5700B89A6C /* TwitterClient.app */;
			productType = "com.apple.product-type.application";
		};
/* End PBXNativeTarget section */

/* Begin PBXProject section */
		DA6801011F7CCA5700B89A6C /* Project object */ = {
			isa = PBXProject;
			attributes = {
				LastSwiftUpdateCheck = 0820;
				LastUpgradeCheck = 0820;
				ORGANIZATIONNAME = "yamamoto naoya";
				TargetAttributes = {
					DA6801081F7CCA5700B89A6C = {
						CreatedOnToolsVersion = 8.2.1;
						LastSwiftMigration = 0820;
						ProvisioningStyle = Automatic;
					};
				};
			};
			buildConfigurationList = DA6801041F7CCA5700B89A6C /* Build configuration list for PBXProject "TwitterClient" */;
			compatibilityVersion = "Xcode 3.2";
			developmentRegion = English;
			hasScannedForEncodings = 0;
			knownRegions = (
				en,
				Base,
			);
			mainGroup = DA6801001F7CCA5700B89A6C;
			productRefGroup = DA68010A1F7CCA5700B89A6C /* Products */;
			projectDirPath = "";
			projectRoot = "";
			targets = (
				DA6801081F7CCA5700B89A6C /* TwitterClient */,
			);
		};
/* End PBXProject section */

/* Begin PBXResourcesBuildPhase section */
		DA6801071F7CCA5700B89A6C /* Resources */ = {
			isa = PBXResourcesBuildPhase;
			buildActionMask = 2147483647;
			files = (
				DABD8A481F8B786C00E0F0A7 /* UserDetailView.xib in Resources */,
				DA6801141F7CCA5700B89A6C /* Assets.xcassets in Resources */,
				DABD8A441F8B786C00E0F0A7 /* LaunchScreen.storyboard in Resources */,
				DABD8A461F8B786C00E0F0A7 /* UserDetail.storyboard in Resources */,
				DABD8A471F8B786C00E0F0A7 /* TweetCell.xib in Resources */,
				DABD8A551F8BCB1600E0F0A7 /* TopTabBar.storyboard in Resources */,
				DABD8A071F8B63A000E0F0A7 /* Twitter.plist in Resources */,
				DABD8A451F8B786C00E0F0A7 /* Login.storyboard in Resources */,
				DABD8A431F8B786C00E0F0A7 /* HomeTimeline.storyboard in Resources */,
			);
			runOnlyForDeploymentPostprocessing = 0;
		};
/* End PBXResourcesBuildPhase section */

/* Begin PBXShellScriptBuildPhase section */
		26FD2AC4DAB15DC2589DF541 /* [CP] Embed Pods Frameworks */ = {
			isa = PBXShellScriptBuildPhase;
			buildActionMask = 2147483647;
			files = (
			);
			inputPaths = (
				"${SRCROOT}/Pods/Target Support Files/Pods-TwitterClient/Pods-TwitterClient-frameworks.sh",
				"${BUILT_PRODUCTS_DIR}/SDWebImage/SDWebImage.framework",
			);
			name = "[CP] Embed Pods Frameworks";
			outputPaths = (
				"${TARGET_BUILD_DIR}/${FRAMEWORKS_FOLDER_PATH}/SDWebImage.framework",
			);
			runOnlyForDeploymentPostprocessing = 0;
			shellPath = /bin/sh;
			shellScript = "\"${SRCROOT}/Pods/Target Support Files/Pods-TwitterClient/Pods-TwitterClient-frameworks.sh\"\n";
			showEnvVarsInLog = 0;
		};
		30C59193BC3C7AD7A0A2F26C /* [CP] Check Pods Manifest.lock */ = {
			isa = PBXShellScriptBuildPhase;
			buildActionMask = 2147483647;
			files = (
			);
			inputPaths = (
				"${PODS_PODFILE_DIR_PATH}/Podfile.lock",
				"${PODS_ROOT}/Manifest.lock",
			);
			name = "[CP] Check Pods Manifest.lock";
			outputPaths = (
				"$(DERIVED_FILE_DIR)/Pods-TwitterClient-checkManifestLockResult.txt",
			);
			runOnlyForDeploymentPostprocessing = 0;
			shellPath = /bin/sh;
			shellScript = "diff \"${PODS_PODFILE_DIR_PATH}/Podfile.lock\" \"${PODS_ROOT}/Manifest.lock\" > /dev/null\nif [ $? != 0 ] ; then\n    # print error to STDERR\n    echo \"error: The sandbox is not in sync with the Podfile.lock. Run 'pod install' or update your CocoaPods installation.\" >&2\n    exit 1\nfi\n# This output is used by Xcode 'outputs' to avoid re-running this script phase.\necho \"SUCCESS\" > \"${SCRIPT_OUTPUT_FILE_0}\"\n";
			showEnvVarsInLog = 0;
		};
		8D574789D7EEA2CC42D0690A /* [CP] Copy Pods Resources */ = {
			isa = PBXShellScriptBuildPhase;
			buildActionMask = 2147483647;
			files = (
			);
			inputPaths = (
				"${SRCROOT}/Pods/Target Support Files/Pods-TwitterClient/Pods-TwitterClient-resources.sh",
				"${PODS_ROOT}/TwitterKit/iOS/TwitterKit.framework/TwitterKitResources.bundle",
				"${PODS_ROOT}/TwitterKit/iOS/TwitterKit.framework/TwitterShareExtensionUIResources.bundle",
			);
			name = "[CP] Copy Pods Resources";
			outputPaths = (
				"${TARGET_BUILD_DIR}/${UNLOCALIZED_RESOURCES_FOLDER_PATH}",
			);
			runOnlyForDeploymentPostprocessing = 0;
			shellPath = /bin/sh;
			shellScript = "\"${SRCROOT}/Pods/Target Support Files/Pods-TwitterClient/Pods-TwitterClient-resources.sh\"\n";
			showEnvVarsInLog = 0;
		};
/* End PBXShellScriptBuildPhase section */

/* Begin PBXSourcesBuildPhase section */
		DA6801051F7CCA5700B89A6C /* Sources */ = {
			isa = PBXSourcesBuildPhase;
			buildActionMask = 2147483647;
			files = (
				DABD8A361F8B785200E0F0A7 /* HomeTimelineViewController.swift in Sources */,
				DABD8A531F8BC88200E0F0A7 /* UserTimelineRequest.swift in Sources */,
				DABD8A391F8B785200E0F0A7 /* TweetCell.swift in Sources */,
				DABD8A341F8B785200E0F0A7 /* Coordinator.swift in Sources */,
				DABD8A381F8B785200E0F0A7 /* UserDetailViewController.swift in Sources */,
				DABD8A3A1F8B785200E0F0A7 /* UserDetailView.swift in Sources */,
				DABD8A331F8B785200E0F0A7 /* AppDelegate.swift in Sources */,
				DABD8A371F8B785200E0F0A7 /* LoginViewController.swift in Sources */,
				DABD8A521F8BC88200E0F0A7 /* HomeTimelineRequest.swift in Sources */,
				DABD8A4B1F8B7A1600E0F0A7 /* TwitterRequest.swift in Sources */,
				DABD8A5B1F8BE14F00E0F0A7 /* UserRequest.swift in Sources */,
				DABD8A351F8B785200E0F0A7 /* DateExtensions.swift in Sources */,
				DABD8A571F8BCD6B00E0F0A7 /* TopTabBarController.swift in Sources */,
			);
			runOnlyForDeploymentPostprocessing = 0;
		};
/* End PBXSourcesBuildPhase section */

/* Begin XCBuildConfiguration section */
		DA6801191F7CCA5700B89A6C /* Debug */ = {
			isa = XCBuildConfiguration;
			buildSettings = {
				ALWAYS_SEARCH_USER_PATHS = NO;
				CLANG_ANALYZER_NONNULL = YES;
				CLANG_CXX_LANGUAGE_STANDARD = "gnu++0x";
				CLANG_CXX_LIBRARY = "libc++";
				CLANG_ENABLE_MODULES = YES;
				CLANG_ENABLE_OBJC_ARC = YES;
				CLANG_WARN_BOOL_CONVERSION = YES;
				CLANG_WARN_CONSTANT_CONVERSION = YES;
				CLANG_WARN_DIRECT_OBJC_ISA_USAGE = YES_ERROR;
				CLANG_WARN_DOCUMENTATION_COMMENTS = YES;
				CLANG_WARN_EMPTY_BODY = YES;
				CLANG_WARN_ENUM_CONVERSION = YES;
				CLANG_WARN_INFINITE_RECURSION = YES;
				CLANG_WARN_INT_CONVERSION = YES;
				CLANG_WARN_OBJC_ROOT_CLASS = YES_ERROR;
				CLANG_WARN_SUSPICIOUS_MOVE = YES;
				CLANG_WARN_UNREACHABLE_CODE = YES;
				CLANG_WARN__DUPLICATE_METHOD_MATCH = YES;
				"CODE_SIGN_IDENTITY[sdk=iphoneos*]" = "iPhone Developer";
				COPY_PHASE_STRIP = NO;
				DEBUG_INFORMATION_FORMAT = dwarf;
				ENABLE_STRICT_OBJC_MSGSEND = YES;
				ENABLE_TESTABILITY = YES;
				GCC_C_LANGUAGE_STANDARD = gnu99;
				GCC_DYNAMIC_NO_PIC = NO;
				GCC_NO_COMMON_BLOCKS = YES;
				GCC_OPTIMIZATION_LEVEL = 0;
				GCC_PREPROCESSOR_DEFINITIONS = (
					"DEBUG=1",
					"$(inherited)",
				);
				GCC_WARN_64_TO_32_BIT_CONVERSION = YES;
				GCC_WARN_ABOUT_RETURN_TYPE = YES_ERROR;
				GCC_WARN_UNDECLARED_SELECTOR = YES;
				GCC_WARN_UNINITIALIZED_AUTOS = YES_AGGRESSIVE;
				GCC_WARN_UNUSED_FUNCTION = YES;
				GCC_WARN_UNUSED_VARIABLE = YES;
				IPHONEOS_DEPLOYMENT_TARGET = 10.2;
				MTL_ENABLE_DEBUG_INFO = YES;
				ONLY_ACTIVE_ARCH = YES;
				SDKROOT = iphoneos;
				SWIFT_ACTIVE_COMPILATION_CONDITIONS = DEBUG;
				SWIFT_OPTIMIZATION_LEVEL = "-Onone";
			};
			name = Debug;
		};
		DA68011A1F7CCA5700B89A6C /* Release */ = {
			isa = XCBuildConfiguration;
			buildSettings = {
				ALWAYS_SEARCH_USER_PATHS = NO;
				CLANG_ANALYZER_NONNULL = YES;
				CLANG_CXX_LANGUAGE_STANDARD = "gnu++0x";
				CLANG_CXX_LIBRARY = "libc++";
				CLANG_ENABLE_MODULES = YES;
				CLANG_ENABLE_OBJC_ARC = YES;
				CLANG_WARN_BOOL_CONVERSION = YES;
				CLANG_WARN_CONSTANT_CONVERSION = YES;
				CLANG_WARN_DIRECT_OBJC_ISA_USAGE = YES_ERROR;
				CLANG_WARN_DOCUMENTATION_COMMENTS = YES;
				CLANG_WARN_EMPTY_BODY = YES;
				CLANG_WARN_ENUM_CONVERSION = YES;
				CLANG_WARN_INFINITE_RECURSION = YES;
				CLANG_WARN_INT_CONVERSION = YES;
				CLANG_WARN_OBJC_ROOT_CLASS = YES_ERROR;
				CLANG_WARN_SUSPICIOUS_MOVE = YES;
				CLANG_WARN_UNREACHABLE_CODE = YES;
				CLANG_WARN__DUPLICATE_METHOD_MATCH = YES;
				"CODE_SIGN_IDENTITY[sdk=iphoneos*]" = "iPhone Developer";
				COPY_PHASE_STRIP = NO;
				DEBUG_INFORMATION_FORMAT = "dwarf-with-dsym";
				ENABLE_NS_ASSERTIONS = NO;
				ENABLE_STRICT_OBJC_MSGSEND = YES;
				GCC_C_LANGUAGE_STANDARD = gnu99;
				GCC_NO_COMMON_BLOCKS = YES;
				GCC_WARN_64_TO_32_BIT_CONVERSION = YES;
				GCC_WARN_ABOUT_RETURN_TYPE = YES_ERROR;
				GCC_WARN_UNDECLARED_SELECTOR = YES;
				GCC_WARN_UNINITIALIZED_AUTOS = YES_AGGRESSIVE;
				GCC_WARN_UNUSED_FUNCTION = YES;
				GCC_WARN_UNUSED_VARIABLE = YES;
				IPHONEOS_DEPLOYMENT_TARGET = 10.2;
				MTL_ENABLE_DEBUG_INFO = NO;
				SDKROOT = iphoneos;
				SWIFT_OPTIMIZATION_LEVEL = "-Owholemodule";
				VALIDATE_PRODUCT = YES;
			};
			name = Release;
		};
		DA68011C1F7CCA5700B89A6C /* Debug */ = {
			isa = XCBuildConfiguration;
			baseConfigurationReference = 181A594ABBD8EC3B5AD97A8E /* Pods-TwitterClient.debug.xcconfig */;
			buildSettings = {
				ASSETCATALOG_COMPILER_APPICON_NAME = AppIcon;
				CLANG_ENABLE_MODULES = YES;
				INFOPLIST_FILE = TwitterClient/Info.plist;
				IPHONEOS_DEPLOYMENT_TARGET = 10.0;
				LD_RUNPATH_SEARCH_PATHS = "$(inherited) @executable_path/Frameworks";
				PRODUCT_BUNDLE_IDENTIFIER = "com.naoya-yamamoto.TwitterClient";
				PRODUCT_NAME = "$(TARGET_NAME)";
				SWIFT_OPTIMIZATION_LEVEL = "-Onone";
				SWIFT_VERSION = 3.0;
			};
			name = Debug;
		};
		DA68011D1F7CCA5700B89A6C /* Release */ = {
			isa = XCBuildConfiguration;
			baseConfigurationReference = 50D279EEE0ECB6A5AB784A53 /* Pods-TwitterClient.release.xcconfig */;
			buildSettings = {
				ASSETCATALOG_COMPILER_APPICON_NAME = AppIcon;
				CLANG_ENABLE_MODULES = YES;
				INFOPLIST_FILE = TwitterClient/Info.plist;
				IPHONEOS_DEPLOYMENT_TARGET = 10.0;
				LD_RUNPATH_SEARCH_PATHS = "$(inherited) @executable_path/Frameworks";
				PRODUCT_BUNDLE_IDENTIFIER = "com.naoya-yamamoto.TwitterClient";
				PRODUCT_NAME = "$(TARGET_NAME)";
				SWIFT_VERSION = 3.0;
			};
			name = Release;
		};
/* End XCBuildConfiguration section */

/* Begin XCConfigurationList section */
		DA6801041F7CCA5700B89A6C /* Build configuration list for PBXProject "TwitterClient" */ = {
			isa = XCConfigurationList;
			buildConfigurations = (
				DA6801191F7CCA5700B89A6C /* Debug */,
				DA68011A1F7CCA5700B89A6C /* Release */,
			);
			defaultConfigurationIsVisible = 0;
			defaultConfigurationName = Release;
		};
		DA68011B1F7CCA5700B89A6C /* Build configuration list for PBXNativeTarget "TwitterClient" */ = {
			isa = XCConfigurationList;
			buildConfigurations = (
				DA68011C1F7CCA5700B89A6C /* Debug */,
				DA68011D1F7CCA5700B89A6C /* Release */,
			);
			defaultConfigurationIsVisible = 0;
			defaultConfigurationName = Release;
		};
/* End XCConfigurationList section */
	};
	rootObject = DA6801011F7CCA5700B89A6C /* Project object */;
}
